{
  "nodes": {
    "daeuniverse": {
      "inputs": {
        "flake-parts": "flake-parts",
        "nixpkgs": "nixpkgs"
      },
      "locked": {
        "lastModified": 1785477112,
        "narHash": "sha256-UhNQnme+fe5DfwyTcS0BQThxkdY35JGPIOZ864MwIQA=",
        "owner": "daeuniverse",
        "repo": "flake.nix",
        "rev": "42ece300b6360bab592f13c64ce1987df20475d5",
        "type": "github"
      },
      "original": {
        "owner": "daeuniverse",
        "repo": "flake.nix",
        "rev": "42ece300b6360bab592f13c64ce1987df20475d5",
        "type": "github"
      }
    },
    "dms": {
      "inputs": {
        "flake-compat": "flake-compat",
        "nixpkgs": [
          "nixpkgs"
        ]
      },
      "locked": {
        "lastModified": 1785111455,
        "narHash": "sha256-aTNuC9NDBnYAeEtFsleeUwmGX3AZlKOutbl+LQRPkmQ=",
        "owner": "AvengeMedia",
        "repo": "DankMaterialShell",
        "rev": "069ddab041c738236a8910e4c39b65d9628d3018",
        "type": "github"
      },
      "original": {
        "owner": "AvengeMedia",
        "ref": "stable",
        "repo": "DankMaterialShell",
        "type": "github"
      }
    },
    "flake-compat": {
      "flake": false,
      "locked": {
        "lastModified": 1767039857,
        "narHash": "sha256-vNpUSpF5Nuw8xvDLj2KCwwksIbjua2LZCqhV1LNRDns=",
        "owner": "NixOS",
        "repo": "flake-compat",
        "rev": "5edf11c44bc78a0d334f6334cdaf7d60d732daab",
        "type": "github"
      },
      "original": {
        "owner": "NixOS",
        "repo": "flake-compat",
        "type": "github"
      }
    },
    "flake-parts": {
      "inputs": {
        "nixpkgs-lib": "nixpkgs-lib"
      },
      "locked": {
        "lastModified": 1775087534,
        "narHash": "sha256-91qqW8lhL7TLwgQWijoGBbiD4t7/q75KTi8NxjVmSmA=",
        "owner": "hercules-ci",
        "repo": "flake-parts",
        "rev": "3107b77cd68437b9a76194f0f7f9c55f2329ca5b",
        "type": "github"
      },
      "original": {
        "owner": "hercules-ci",
        "repo": "flake-parts",
        "type": "github"
      }
    },
    "flake-parts_2": {
      "inputs": {
        "nixpkgs-lib": [
          "hermes-agent",
          "nixpkgs"
        ]
      },
      "locked": {
        "lastModified": 1772408722,
        "narHash": "sha256-rHuJtdcOjK7rAHpHphUb1iCvgkU3GpfvicLMwwnfMT0=",
        "owner": "hercules-ci",
        "repo": "flake-parts",
        "rev": "f20dc5d9b8027381c474144ecabc9034d6a839a3",
        "type": "github"
      },
      "original": {
        "owner": "hercules-ci",
        "repo": "flake-parts",
        "type": "github"
      }
    },
    "flake-parts_3": {
      "inputs": {
        "nixpkgs-lib": [
          "nur",
          "nixpkgs"
        ]
      },
      "locked": {
        "lastModified": 1733312601,
        "narHash": "sha256-4pDvzqnegAfRkPwO3wmwBhVi/Sye1mzps0zHWYnP88c=",
        "owner": "hercules-ci",
        "repo": "flake-parts",
        "rev": "205b12d8b7cd4802fbcb8e8ef6a0f1408781a4f9",
        "type": "github"
      },
      "original": {
        "owner": "hercules-ci",
        "repo": "flake-parts",
        "type": "github"
      }
    },
    "hermes-agent": {
      "inputs": {
        "flake-parts": "flake-parts_2",
        "nixpkgs": [
          "nixpkgs"
        ],
        "npm-lockfile-fix": "npm-lockfile-fix",
        "pyproject-build-systems": "pyproject-build-systems",
        "pyproject-nix": "pyproject-nix",
        "uv2nix": "uv2nix"
      },
      "locked": {
        "lastModified": 1785088269,
        "narHash": "sha256-0bfApjtTw+UkRBIw/AH6a/OrcjVCdr6bNoUV7+HPtrw=",
        "owner": "NousResearch",
        "repo": "hermes-agent",
        "rev": "1cdb8ce361e91c79cfbd6bee550ee6c09d290261",
        "type": "github"
      },
      "original": {
        "owner": "NousResearch",
        "repo": "hermes-agent",
        "rev": "1cdb8ce361e91c79cfbd6bee550ee6c09d290261",
        "type": "github"
      }
    },
    "home-manager": {
      "inputs": {
        "nixpkgs": [
          "nixpkgs"
        ]
      },
      "locked": {
        "lastModified": 1785234956,
        "narHash": "sha256-ynFwDtgp3vXA+0Bb4OL/3vn3m8e9OaAw6sbdzOQsGEQ=",
        "owner": "nix-community",
        "repo": "home-manager",
        "rev": "b8324779d178e484b54cf7c202f87ec8c500a3d3",
        "type": "github"
      },
      "original": {
        "owner": "nix-community",
        "repo": "home-manager",
        "type": "github"
      }
    },
    "niri": {
      "inputs": {
        "niri-stable": "niri-stable",
        "niri-unstable": "niri-unstable",
        "nixpkgs": [
          "nixpkgs"
        ],
        "nixpkgs-stable": "nixpkgs-stable",
        "xwayland-satellite-stable": "xwayland-satellite-stable",
        "xwayland-satellite-unstable": "xwayland-satellite-unstable"
      },
      "locked": {
        "lastModified": 1785133905,
        "narHash": "sha256-cXE11IuEJe+Oqk+gnNIxUSfHW+ekrc8Mx48pNv0RvuI=",
        "owner": "sodiboo",
        "repo": "niri-flake",
        "rev": "81b9856c2f1f5a425e5048219c0899cb48c52d3f",
        "type": "github"
      },
      "original": {
        "owner": "sodiboo",
        "repo": "niri-flake",
        "type": "github"
      }
    },
    "niri-stable": {
      "flake": false,
      "locked": {
        "lastModified": 1756556321,
        "narHash": "sha256-RLD89dfjN0RVO86C/Mot0T7aduCygPGaYbog566F0Qo=",
        "owner": "YaLTeR",
        "repo": "niri",
        "rev": "01be0e65f4eb91a9cd624ac0b76aaeab765c7294",
        "type": "github"
      },
      "original": {
        "owner": "YaLTeR",
        "ref": "v25.08",
        "repo": "niri",
        "type": "github"
      }
    },
    "niri-unstable": {
      "flake": false,
      "locked": {
        "lastModified": 1784570726,
        "narHash": "sha256-9EMn69JBcFWFgUM7f0VBAX+jBby5b9H3M59U75+5yI4=",
        "owner": "YaLTeR",
        "repo": "niri",
        "rev": "7f26c3ee804fb6ed458ef7fb0e3c794f14e0b3bc",
        "type": "github"
      },
      "original": {
        "owner": "YaLTeR",
        "repo": "niri",
        "type": "github"
      }
    },
    "nixpkgs": {
      "locked": {
        "lastModified": 1776548001,
        "narHash": "sha256-ZSK0NL4a1BwVbbTBoSnWgbJy9HeZFXLYQizjb2DPF24=",
        "owner": "NixOS",
        "repo": "nixpkgs",
        "rev": "b12141ef619e0a9c1c84dc8c684040326f27cdcc",
        "type": "github"
      },
      "original": {
        "owner": "NixOS",
        "repo": "nixpkgs",
        "rev": "b12141ef619e0a9c1c84dc8c684040326f27cdcc",
        "type": "github"
      }
    },
    "nixpkgs-lib": {
      "locked": {
        "lastModified": 1774748309,
        "narHash": "sha256-+U7gF3qxzwD5TZuANzZPeJTZRHS29OFQgkQ2kiTJBIQ=",
        "owner": "nix-community",
        "repo": "nixpkgs.lib",
        "rev": "333c4e0545a6da976206c74db8773a1645b5870a",
        "type": "github"
      },
      "original": {
        "owner": "nix-community",
        "repo": "nixpkgs.lib",
        "type": "github"
      }
    },
    "nixpkgs-stable": {
      "locked": {
        "lastModified": 1782847189,
        "narHash": "sha256-twXPFqFsrrY5r28Zh7Homgcp2gUMBgQ6WDS98Q/3xFI=",
        "owner": "NixOS",
        "repo": "nixpkgs",
        "rev": "b6018f87da91d19d0ab4cf979885689b469cdd41",
        "type": "github"
      },
      "original": {
        "owner": "NixOS",
        "ref": "nixos-25.11",
        "repo": "nixpkgs",
        "type": "github"
      }
    },
    "nixpkgs_2": {
      "locked": {
        "lastModified": 1785090369,
        "narHash": "sha256-m0pDuRJG7EDo9ri+4Ksu83VsI+PlxNC9lNBfydejce4=",
        "owner": "nixos",
        "repo": "nixpkgs",
        "rev": "624af665418d3c65d544145b4d34ad696439570e",
        "type": "github"
      },
      "original": {
        "owner": "nixos",
        "ref": "nixos-unstable",
        "repo": "nixpkgs",
        "type": "github"
      }
    },
    "nixpkgs_3": {
      "locked": {
        "lastModified": 1785090369,
        "narHash": "sha256-m0pDuRJG7EDo9ri+4Ksu83VsI+PlxNC9lNBfydejce4=",
        "owner": "nixos",
        "repo": "nixpkgs",
        "rev": "624af665418d3c65d544145b4d34ad696439570e",
        "type": "github"
      },
      "original": {
        "owner": "nixos",
        "ref": "nixos-unstable",
        "repo": "nixpkgs",
        "type": "github"
      }
    },
    "npm-lockfile-fix": {
      "inputs": {
        "nixpkgs": [
          "hermes-agent",
          "nixpkgs"
        ]
      },
      "locked": {
        "lastModified": 1775903712,
        "narHash": "sha256-2GV79U6iVH4gKAPWYrxUReB0S41ty/Y3dBLquU8AlaA=",
        "owner": "jeslie0",
        "repo": "npm-lockfile-fix",
        "rev": "c6093acb0c0548e0f9b8b3d82918823721930fe8",
        "type": "github"
      },
      "original": {
        "owner": "jeslie0",
        "repo": "npm-lockfile-fix",
        "type": "github"
      }
    },
    "nur": {
      "inputs": {
        "flake-parts": "flake-parts_3",
        "nixpkgs": "nixpkgs_3"
      },
      "locked": {
        "lastModified": 1785235803,
        "narHash": "sha256-BiFdwdSR4tZ9gY/67XhPFhOIvrC6k4lor9sHSP/LqLw=",
        "owner": "nix-community",
        "repo": "NUR",
        "rev": "44ad85b58630a8b097fd6b0ec4f50d6c0ecf7787",
        "type": "github"
      },
      "original": {
        "owner": "nix-community",
        "repo": "NUR",
        "type": "github"
      }
    },
    "pyproject-build-systems": {
      "inputs": {
        "nixpkgs": [
          "hermes-agent",
          "nixpkgs"
        ],
        "pyproject-nix": [
          "hermes-agent",
          "pyproject-nix"
        ],
        "uv2nix": [
          "hermes-agent",
          "uv2nix"
        ]
      },
      "locked": {
        "lastModified": 1772555609,
        "narHash": "sha256-3BA3HnUvJSbHJAlJj6XSy0Jmu7RyP2gyB/0fL7XuEDo=",
        "owner": "pyproject-nix",
        "repo": "build-system-pkgs",
        "rev": "c37f66a953535c394244888598947679af231863",
        "type": "github"
      },
      "original": {
        "owner": "pyproject-nix",
        "repo": "build-system-pkgs",
        "type": "github"
      }
    },
    "pyproject-nix": {
      "inputs": {
        "nixpkgs": [
          "hermes-agent",
          "nixpkgs"
        ]
      },
      "locked": {
        "lastModified": 1772865871,
        "narHash": "sha256-/ZTSg97aouL0SlPHaokA4r3iuH9QzHVuWPACD2CUCFY=",
        "owner": "pyproject-nix",
        "repo": "pyproject.nix",
        "rev": "e537db02e72d553cea470976b9733581bcf5b3ed",
        "type": "github"
      },
      "original": {
        "owner": "pyproject-nix",
        "repo": "pyproject.nix",
        "type": "github"
      }
    },
    "root": {
      "inputs": {
        "daeuniverse": "daeuniverse",
        "dms": "dms",
        "hermes-agent": "hermes-agent",
        "home-manager": "home-manager",
        "niri": "niri",
        "nixpkgs": "nixpkgs_2",
        "nur": "nur",
        "sops-nix": "sops-nix"
      }
    },
    "sops-nix": {
      "inputs": {
        "nixpkgs": [
          "nixpkgs"
        ]
      },
      "locked": {
        "lastModified": 1783174389,
        "narHash": "sha256-aCWC8ngycU7OdJrU2+Je3qf+1a2ykuBvpPhZT/9tXMc=",
        "owner": "Mic92",
        "repo": "sops-nix",
        "rev": "f1406619a3884cd5c47992a70b8b35c9c0fcb4c9",
        "type": "github"
      },
      "original": {
        "owner": "Mic92",
        "repo": "sops-nix",
        "type": "github"
      }
    },
    "uv2nix": {
      "inputs": {
        "nixpkgs": [
          "hermes-agent",
          "nixpkgs"
        ],
        "pyproject-nix": [
          "hermes-agent",
          "pyproject-nix"
        ]
      },
      "locked": {
        "lastModified": 1773039484,
        "narHash": "sha256-+boo33KYkJDw9KItpeEXXv8+65f7hHv/earxpcyzQ0I=",
        "owner": "pyproject-nix",
        "repo": "uv2nix",
        "rev": "b68be7cfeacbed9a3fa38a2b5adc0cfb81d9bb1f",
        "type": "github"
      },
      "original": {
        "owner": "pyproject-nix",
        "repo": "uv2nix",
        "type": "github"
      }
    },
    "xwayland-satellite-stable": {
      "flake": false,
      "locked": {
        "lastModified": 1755491097,
        "narHash": "sha256-m+9tUfsmBeF2Gn4HWa6vSITZ4Gz1eA1F5Kh62B0N4oE=",
        "owner": "Supreeeme",
        "repo": "xwayland-satellite",
        "rev": "388d291e82ffbc73be18169d39470f340707edaa",
        "type": "github"
      },
      "original": {
        "owner": "Supreeeme",
        "ref": "v0.7",
        "repo": "xwayland-satellite",
        "type": "github"
      }
    },
    "xwayland-satellite-unstable": {
      "flake": false,
      "locked": {
        "lastModified": 1784679892,
        "narHash": "sha256-Mb7jpqnrcYCfNSItIkkHpuR3YxWFxPuIBfcwNKlRBkk=",
        "owner": "Supreeeme",
        "repo": "xwayland-satellite",
        "rev": "8d135d3b2854b30fd01ea6cd6c27e523dd50a839",
        "type": "github"
      },
      "original": {
        "owner": "Supreeeme",
        "repo": "xwayland-satellite",
        "type": "github"
      }
    }
  },
  "root": "root",
  "version": 7
}
